
Microsoft Visual Studio Solution File, Format Version 12.00
# Visual Studio 2015
Project("{FAE04EC0-301F-11D3-BF4B-00C04F79EFBC}") = "LowLevelQueryAPI", "LowLevelQueryAPI.csproj", "{A9F6CD74-9566-7716-22ED-69B37CA83745}"
EndProject
Project("{FAE04EC0-301F-11D3-BF4B-00C04F79EFBC}") = "LowLevelQueryAPI.Editor", "LowLevelQueryAPI.Editor.csproj", "{6A46FC9D-94EB-6DCF-6255-F241A361BA3D}"
EndProject
Global
	GlobalSection(SolutionConfigurationPlatforms) = preSolution
		Debug|Any CPU = Debug|Any CPU
		Release|Any CPU = Release|Any CPU
	EndGlobalSection
	GlobalSection(ProjectConfigurationPlatforms) = postSolution
		{A9F6CD74-9566-7716-22ED-69B37CA83745}.Debug|Any CPU.ActiveCfg = Debug|Any CPU
		{A9F6CD74-9566-7716-22ED-69B37CA83745}.Debug|Any CPU.Build.0 = Debug|Any CPU
		{A9F6CD74-9566-7716-22ED-69B37CA83745}.Release|Any CPU.ActiveCfg = Release|Any CPU
		{A9F6CD74-9566-7716-22ED-69B37CA83745}.Release|Any CPU.Build.0 = Release|Any CPU
		{6A46FC9D-94EB-6DCF-6255-F241A361BA3D}.Debug|Any CPU.ActiveCfg = Debug|Any CPU
		{6A46FC9D-94EB-6DCF-6255-F241A361BA3D}.Debug|Any CPU.Build.0 = Debug|Any CPU
		{6A46FC9D-94EB-6DCF-6255-F241A361BA3D}.Release|Any CPU.ActiveCfg = Release|Any CPU
		{6A46FC9D-94EB-6DCF-6255-F241A361BA3D}.Release|Any CPU.Build.0 = Release|Any CPU
	EndGlobalSection
	GlobalSection(SolutionProperties) = preSolution
		HideSolutionNode = FALSE
	EndGlobalSection
EndGlobal
